// !$*UTF8*$!
{
	archiveVersion = 1;
	classes = {
	};
	objectVersion = 46;
	objects = {

/* Begin PBXBuildFile section */
		4D03A188DC36E2F9C027CD92 /* Pods_Makestagram.framework in Frameworks */ = {isa = PBXBuildFile; fileRef = 67B73920EFEF83EF6F3B8220 /* Pods_Makestagram.framework */; };
		843058D51F0E75B900DC04C5 /* AppDelegate.swift in Sources */ = {isa = PBXBuildFile; fileRef = 843058D41F0E75B900DC04C5 /* AppDelegate.swift */; };
		843058DC1F0E75B900DC04C5 /* Assets.xcassets in Resources */ = {isa = PBXBuildFile; fileRef = 843058DB1F0E75B900DC04C5 /* Assets.xcassets */; };
		843058EC1F0E7A2000DC04C5 /* LaunchScreen.storyboard in Resources */ = {isa = PBXBuildFile; fileRef = 843058EA1F0E7A2000DC04C5 /* LaunchScreen.storyboard */; };
		843058ED1F0E7A2000DC04C5 /* Main.storyboard in Resources */ = {isa = PBXBuildFile; fileRef = 843058EB1F0E7A2000DC04C5 /* Main.storyboard */; };
		843058F01F0E7A2800DC04C5 /* GoogleService-Info.plist in Resources */ = {isa = PBXBuildFile; fileRef = 843058EE1F0E7A2800DC04C5 /* GoogleService-Info.plist */; };
		843058F81F0E7CB100DC04C5 /* Login.storyboard in Resources */ = {isa = PBXBuildFile; fileRef = 843058F71F0E7CB100DC04C5 /* Login.storyboard */; };
		843058FA1F0E7D6900DC04C5 /* LoginViewController.swift in Sources */ = {isa = PBXBuildFile; fileRef = 843058F91F0E7D6900DC04C5 /* LoginViewController.swift */; };
		843058FD1F0EBD5600DC04C5 /* User.swift in Sources */ = {isa = PBXBuildFile; fileRef = 843058FC1F0EBD5600DC04C5 /* User.swift */; };
		843058FF1F0ECA3700DC04C5 /* CreateUsernameViewController.swift in Sources */ = {isa = PBXBuildFile; fileRef = 843058FE1F0ECA3700DC04C5 /* CreateUsernameViewController.swift */; };
		8432D1CE1F166D1A003E0794 /* FollowService.swift in Sources */ = {isa = PBXBuildFile; fileRef = 8432D1CD1F166D1A003E0794 /* FollowService.swift */; };
		8432D1D01F167242003E0794 /* FindFriends.storyboard in Resources */ = {isa = PBXBuildFile; fileRef = 8432D1CF1F167242003E0794 /* FindFriends.storyboard */; };
		8432D1D21F1672F7003E0794 /* FindFriendsCell.swift in Sources */ = {isa = PBXBuildFile; fileRef = 8432D1D11F1672F7003E0794 /* FindFriendsCell.swift */; };
		844DC5731F0FDBAE0067FC24 /* Constants.swift in Sources */ = {isa = PBXBuildFile; fileRef = 844DC5721F0FDBAE0067FC24 /* Constants.swift */; };
		844DC5761F0FDCCF0067FC24 /* Storyboards+Utility.swift in Sources */ = {isa = PBXBuildFile; fileRef = 844DC5751F0FDCCF0067FC24 /* Storyboards+Utility.swift */; };
		844DC57A1F0FFDD80067FC24 /* FindFriendsViewController.swift in Sources */ = {isa = PBXBuildFile; fileRef = 844DC5791F0FFDD80067FC24 /* FindFriendsViewController.swift */; };
		844DC57C1F0FFDE60067FC24 /* HomeViewController.swift in Sources */ = {isa = PBXBuildFile; fileRef = 844DC57B1F0FFDE60067FC24 /* HomeViewController.swift */; };
		8495F4D01F17C66B001C2A14 /* UserService.swift in Sources */ = {isa = PBXBuildFile; fileRef = 844DC5701F0FCE290067FC24 /* UserService.swift */; };
		8495F4D11F17C67A001C2A14 /* DatabaseReference+Location.swift in Sources */ = {isa = PBXBuildFile; fileRef = 8495F4CE1F17C0E3001C2A14 /* DatabaseReference+Location.swift */; };
		84CFDAF01F150D6F0067DFD0 /* PostImageCell.swift in Sources */ = {isa = PBXBuildFile; fileRef = 84CFDAEF1F150D6F0067DFD0 /* PostImageCell.swift */; };
		84D07F861F1525600001159E /* PostHeaderCell.swift in Sources */ = {isa = PBXBuildFile; fileRef = 84D07F851F1525600001159E /* PostHeaderCell.swift */; };
		84D07F881F152C510001159E /* PostActionCell.swift in Sources */ = {isa = PBXBuildFile; fileRef = 84D07F871F152C510001159E /* PostActionCell.swift */; };
		84D07F8A1F1546740001159E /* LikeService.swift in Sources */ = {isa = PBXBuildFile; fileRef = 84D07F891F1546740001159E /* LikeService.swift */; };
		84EA85251F13BEA40098DBE2 /* MainTabBarController.swift in Sources */ = {isa = PBXBuildFile; fileRef = 84EA85241F13BEA40098DBE2 /* MainTabBarController.swift */; };
		84EA85281F13C34F0098DBE2 /* MGPhotoHelper.swift in Sources */ = {isa = PBXBuildFile; fileRef = 84EA85271F13C34F0098DBE2 /* MGPhotoHelper.swift */; };
		84EA852A1F13F95F0098DBE2 /* StorageService.swift in Sources */ = {isa = PBXBuildFile; fileRef = 84EA85291F13F95F0098DBE2 /* StorageService.swift */; };
		84EA852C1F13FB1E0098DBE2 /* PostService.swift in Sources */ = {isa = PBXBuildFile; fileRef = 84EA852B1F13FB1E0098DBE2 /* PostService.swift */; };
		84EA852E1F13FD570098DBE2 /* Post.swift in Sources */ = {isa = PBXBuildFile; fileRef = 84EA852D1F13FD570098DBE2 /* Post.swift */; };
		84EA85301F1405E20098DBE2 /* UIImage+Size.swift in Sources */ = {isa = PBXBuildFile; fileRef = 84EA852F1F1405E20098DBE2 /* UIImage+Size.swift */; };
		84EA85341F1406EA0098DBE2 /* StorageReference+Post.swift in Sources */ = {isa = PBXBuildFile; fileRef = 84EA85331F1406EA0098DBE2 /* StorageReference+Post.swift */; };
		84EA85361F140AEE0098DBE2 /* Home.storyboard in Resources */ = {isa = PBXBuildFile; fileRef = 84EA85351F140AEE0098DBE2 /* Home.storyboard */; };
/* End PBXBuildFile section */

/* Begin PBXFileReference section */
		67B73920EFEF83EF6F3B8220 /* Pods_Makestagram.framework */ = {isa = PBXFileReference; explicitFileType = wrapper.framework; includeInIndex = 0; path = Pods_Makestagram.framework; sourceTree = BUILT_PRODUCTS_DIR; };
		843058D11F0E75B900DC04C5 /* Makestagram.app */ = {isa = PBXFileReference; explicitFileType = wrapper.application; includeInIndex = 0; path = Makestagram.app; sourceTree = BUILT_PRODUCTS_DIR; };
		843058D41F0E75B900DC04C5 /* AppDelegate.swift */ = {isa = PBXFileReference; lastKnownFileType = sourcecode.swift; path = AppDelegate.swift; sourceTree = "<group>"; };
		843058DB1F0E75B900DC04C5 /* Assets.xcassets */ = {isa = PBXFileReference; lastKnownFileType = folder.assetcatalog; path = Assets.xcassets; sourceTree = "<group>"; };
		843058EA1F0E7A2000DC04C5 /* LaunchScreen.storyboard */ = {isa = PBXFileReference; fileEncoding = 4; lastKnownFileType = file.storyboard; name = LaunchScreen.storyboard; path = Storyboards/LaunchScreen.storyboard; sourceTree = "<group>"; };
		843058EB1F0E7A2000DC04C5 /* Main.storyboard */ = {isa = PBXFileReference; fileEncoding = 4; lastKnownFileType = file.storyboard; name = Main.storyboard; path = Storyboards/Main.storyboard; sourceTree = "<group>"; };
		843058EE1F0E7A2800DC04C5 /* GoogleService-Info.plist */ = {isa = PBXFileReference; fileEncoding = 4; lastKnownFileType = text.plist.xml; name = "GoogleService-Info.plist"; path = "Supporting/GoogleService-Info.plist"; sourceTree = "<group>"; };
		843058EF1F0E7A2800DC04C5 /* Info.plist */ = {isa = PBXFileReference; fileEncoding = 4; lastKnownFileType = text.plist.xml; name = Info.plist; path = Supporting/Info.plist; sourceTree = "<group>"; };
		843058F71F0E7CB100DC04C5 /* Login.storyboard */ = {isa = PBXFileReference; fileEncoding = 4; lastKnownFileType = file.storyboard; name = Login.storyboard; path = Storyboards/Login.storyboard; sourceTree = "<group>"; };
		843058F91F0E7D6900DC04C5 /* LoginViewController.swift */ = {isa = PBXFileReference; fileEncoding = 4; lastKnownFileType = sourcecode.swift; name = LoginViewController.swift; path = Controllers/LoginViewController.swift; sourceTree = "<group>"; };
		843058FC1F0EBD5600DC04C5 /* User.swift */ = {isa = PBXFileReference; fileEncoding = 4; lastKnownFileType = sourcecode.swift; name = User.swift; path = Models/User.swift; sourceTree = "<group>"; };
		843058FE1F0ECA3700DC04C5 /* CreateUsernameViewController.swift */ = {isa = PBXFileReference; fileEncoding = 4; lastKnownFileType = sourcecode.swift; name = CreateUsernameViewController.swift; path = Controllers/CreateUsernameViewController.swift; sourceTree = "<group>"; };
		8432D1CD1F166D1A003E0794 /* FollowService.swift */ = {isa = PBXFileReference; fileEncoding = 4; lastKnownFileType = sourcecode.swift; name = FollowService.swift; path = Services/FollowService.swift; sourceTree = "<group>"; };
		8432D1CF1F167242003E0794 /* FindFriends.storyboard */ = {isa = PBXFileReference; fileEncoding = 4; lastKnownFileType = file.storyboard; name = FindFriends.storyboard; path = Storyboards/FindFriends.storyboard; sourceTree = "<group>"; };
		8432D1D11F1672F7003E0794 /* FindFriendsCell.swift */ = {isa = PBXFileReference; fileEncoding = 4; lastKnownFileType = sourcecode.swift; name = FindFriendsCell.swift; path = Views/FindFriendsCell.swift; sourceTree = "<group>"; };
		844DC5701F0FCE290067FC24 /* UserService.swift */ = {isa = PBXFileReference; fileEncoding = 4; lastKnownFileType = sourcecode.swift; name = UserService.swift; path = Services/UserService.swift; sourceTree = "<group>"; };
		844DC5721F0FDBAE0067FC24 /* Constants.swift */ = {isa = PBXFileReference; fileEncoding = 4; lastKnownFileType = sourcecode.swift; name = Constants.swift; path = Supporting/Constants.swift; sourceTree = "<group>"; };
		844DC5751F0FDCCF0067FC24 /* Storyboards+Utility.swift */ = {isa = PBXFileReference; fileEncoding = 4; lastKnownFileType = sourcecode.swift; name = "Storyboards+Utility.swift"; path = "Extensions/Storyboards+Utility.swift"; sourceTree = "<group>"; };
		844DC5791F0FFDD80067FC24 /* FindFriendsViewController.swift */ = {isa = PBXFileReference; fileEncoding = 4; lastKnownFileType = sourcecode.swift; name = FindFriendsViewController.swift; path = Controllers/FindFriendsViewController.swift; sourceTree = "<group>"; };
		844DC57B1F0FFDE60067FC24 /* HomeViewController.swift */ = {isa = PBXFileReference; fileEncoding = 4; lastKnownFileType = sourcecode.swift; name = HomeViewController.swift; path = Controllers/HomeViewController.swift; sourceTree = "<group>"; };
		8495F4CE1F17C0E3001C2A14 /* DatabaseReference+Location.swift */ = {isa = PBXFileReference; fileEncoding = 4; lastKnownFileType = sourcecode.swift; name = "DatabaseReference+Location.swift"; path = "Extensions/DatabaseReference+Location.swift"; sourceTree = "<group>"; };
		84CFDAEF1F150D6F0067DFD0 /* PostImageCell.swift */ = {isa = PBXFileReference; fileEncoding = 4; lastKnownFileType = sourcecode.swift; name = PostImageCell.swift; path = Views/PostImageCell.swift; sourceTree = "<group>"; };
		84D07F851F1525600001159E /* PostHeaderCell.swift */ = {isa = PBXFileReference; fileEncoding = 4; lastKnownFileType = sourcecode.swift; name = PostHeaderCell.swift; path = Views/PostHeaderCell.swift; sourceTree = "<group>"; };
		84D07F871F152C510001159E /* PostActionCell.swift */ = {isa = PBXFileReference; fileEncoding = 4; lastKnownFileType = sourcecode.swift; name = PostActionCell.swift; path = Views/PostActionCell.swift; sourceTree = "<group>"; };
		84D07F891F1546740001159E /* LikeService.swift */ = {isa = PBXFileReference; fileEncoding = 4; lastKnownFileType = sourcecode.swift; name = LikeService.swift; path = Services/LikeService.swift; sourceTree = "<group>"; };
		84EA85241F13BEA40098DBE2 /* MainTabBarController.swift */ = {isa = PBXFileReference; fileEncoding = 4; lastKnownFileType = sourcecode.swift; name = MainTabBarController.swift; path = Controllers/MainTabBarController.swift; sourceTree = "<group>"; };
		84EA85271F13C34F0098DBE2 /* MGPhotoHelper.swift */ = {isa = PBXFileReference; fileEncoding = 4; lastKnownFileType = sourcecode.swift; name = MGPhotoHelper.swift; path = Helpers/MGPhotoHelper.swift; sourceTree = "<group>"; };
		84EA85291F13F95F0098DBE2 /* StorageService.swift */ = {isa = PBXFileReference; fileEncoding = 4; lastKnownFileType = sourcecode.swift; name = StorageService.swift; path = Services/StorageService.swift; sourceTree = "<group>"; };
		84EA852B1F13FB1E0098DBE2 /* PostService.swift */ = {isa = PBXFileReference; fileEncoding = 4; lastKnownFileType = sourcecode.swift; name = PostService.swift; path = Services/PostService.swift; sourceTree = "<group>"; };
		84EA852D1F13FD570098DBE2 /* Post.swift */ = {isa = PBXFileReference; fileEncoding = 4; lastKnownFileType = sourcecode.swift; name = Post.swift; path = Models/Post.swift; sourceTree = "<group>"; };
		84EA852F1F1405E20098DBE2 /* UIImage+Size.swift */ = {isa = PBXFileReference; fileEncoding = 4; lastKnownFileType = sourcecode.swift; name = "UIImage+Size.swift"; path = "Extensions/UIImage+Size.swift"; sourceTree = "<group>"; };
		84EA85331F1406EA0098DBE2 /* StorageReference+Post.swift */ = {isa = PBXFileReference; fileEncoding = 4; lastKnownFileType = sourcecode.swift; name = "StorageReference+Post.swift"; path = "Extensions/StorageReference+Post.swift"; sourceTree = "<group>"; };
		84EA85351F140AEE0098DBE2 /* Home.storyboard */ = {isa = PBXFileReference; fileEncoding = 4; lastKnownFileType = file.storyboard; name = Home.storyboard; path = Storyboards/Home.storyboard; sourceTree = "<group>"; };
		CFA9EE103FB927B88EBBC9EF /* Pods-Makestagram.debug.xcconfig */ = {isa = PBXFileReference; includeInIndex = 1; lastKnownFileType = text.xcconfig; name = "Pods-Makestagram.debug.xcconfig"; path = "Pods/Target Support Files/Pods-Makestagram/Pods-Makestagram.debug.xcconfig"; sourceTree = "<group>"; };
		F57912FDA7ABB4F01B3A5594 /* Pods-Makestagram.release.xcconfig */ = {isa = PBXFileReference; includeInIndex = 1; lastKnownFileType = text.xcconfig; name = "Pods-Makestagram.release.xcconfig"; path = "Pods/Target Support Files/Pods-Makestagram/Pods-Makestagram.release.xcconfig"; sourceTree = "<group>"; };
/* End PBXFileReference section */

/* Begin PBXFrameworksBuildPhase section */
		843058CE1F0E75B900DC04C5 /* Frameworks */ = {
			isa = PBXFrameworksBuildPhase;
			buildActionMask = 2147483647;
			files = (
				4D03A188DC36E2F9C027CD92 /* Pods_Makestagram.framework in Frameworks */,
			);
			runOnlyForDeploymentPostprocessing = 0;
		};
/* End PBXFrameworksBuildPhase section */

/* Begin PBXGroup section */
		82C5520C54DD6CF61A6A9516 /* Frameworks */ = {
			isa = PBXGroup;
			children = (
				67B73920EFEF83EF6F3B8220 /* Pods_Makestagram.framework */,
			);
			name = Frameworks;
			sourceTree = "<group>";
		};
		843058C81F0E75B900DC04C5 = {
			isa = PBXGroup;
			children = (
				843058D31F0E75B900DC04C5 /* Makestagram */,
				843058D21F0E75B900DC04C5 /* Products */,
				D87869532EB4ED1F05ECA460 /* Pods */,
				82C5520C54DD6CF61A6A9516 /* Frameworks */,
			);
			sourceTree = "<group>";
		};
		843058D21F0E75B900DC04C5 /* Products */ = {
			isa = PBXGroup;
			children = (
				843058D11F0E75B900DC04C5 /* Makestagram.app */,
			);
			name = Products;
			sourceTree = "<group>";
		};
		843058D31F0E75B900DC04C5 /* Makestagram */ = {
			isa = PBXGroup;
			children = (
				84CFDAEE1F150D5D0067DFD0 /* Views */,
				84EA85261F13C3300098DBE2 /* Helpers */,
				844DC5741F0FDCB80067FC24 /* Extensions */,
				843058D41F0E75B900DC04C5 /* AppDelegate.swift */,
				844DC56F1F0FCE090067FC24 /* Services */,
				843058FB1F0EBD4600DC04C5 /* Models */,
				843058F21F0E7B7900DC04C5 /* Supporting Files */,
				843058F31F0E7B8F00DC04C5 /* Storyboards */,
				843058F41F0E7BA100DC04C5 /* View Controllers */,
			);
			path = Makestagram;
			sourceTree = "<group>";
		};
		843058F21F0E7B7900DC04C5 /* Supporting Files */ = {
			isa = PBXGroup;
			children = (
				843058EE1F0E7A2800DC04C5 /* GoogleService-Info.plist */,
				843058EF1F0E7A2800DC04C5 /* Info.plist */,
				843058EA1F0E7A2000DC04C5 /* LaunchScreen.storyboard */,
				844DC5721F0FDBAE0067FC24 /* Constants.swift */,
			);
			name = "Supporting Files";
			sourceTree = "<group>";
		};
		843058F31F0E7B8F00DC04C5 /* Storyboards */ = {
			isa = PBXGroup;
			children = (
				843058EB1F0E7A2000DC04C5 /* Main.storyboard */,
				8432D1CF1F167242003E0794 /* FindFriends.storyboard */,
				84EA85351F140AEE0098DBE2 /* Home.storyboard */,
				843058F71F0E7CB100DC04C5 /* Login.storyboard */,
				843058DB1F0E75B900DC04C5 /* Assets.xcassets */,
			);
			name = Storyboards;
			sourceTree = "<group>";
		};
		843058F41F0E7BA100DC04C5 /* View Controllers */ = {
			isa = PBXGroup;
			children = (
				843058F91F0E7D6900DC04C5 /* LoginViewController.swift */,
				843058FE1F0ECA3700DC04C5 /* CreateUsernameViewController.swift */,
				844DC5791F0FFDD80067FC24 /* FindFriendsViewController.swift */,
				844DC57B1F0FFDE60067FC24 /* HomeViewController.swift */,
				84EA85241F13BEA40098DBE2 /* MainTabBarController.swift */,
			);
			name = "View Controllers";
			sourceTree = "<group>";
		};
		843058FB1F0EBD4600DC04C5 /* Models */ = {
			isa = PBXGroup;
			children = (
				843058FC1F0EBD5600DC04C5 /* User.swift */,
				84EA852D1F13FD570098DBE2 /* Post.swift */,
			);
			name = Models;
			sourceTree = "<group>";
		};
		844DC56F1F0FCE090067FC24 /* Services */ = {
			isa = PBXGroup;
			children = (
				844DC5701F0FCE290067FC24 /* UserService.swift */,
				84EA85291F13F95F0098DBE2 /* StorageService.swift */,
				84EA852B1F13FB1E0098DBE2 /* PostService.swift */,
				84D07F891F1546740001159E /* LikeService.swift */,
				8432D1CD1F166D1A003E0794 /* FollowService.swift */,
			);
			name = Services;
			sourceTree = "<group>";
		};
		844DC5741F0FDCB80067FC24 /* Extensions */ = {
			isa = PBXGroup;
			children = (
				844DC5751F0FDCCF0067FC24 /* Storyboards+Utility.swift */,
				84EA852F1F1405E20098DBE2 /* UIImage+Size.swift */,
				84EA85331F1406EA0098DBE2 /* StorageReference+Post.swift */,
				8495F4CE1F17C0E3001C2A14 /* DatabaseReference+Location.swift */,
			);
			name = Extensions;
			sourceTree = "<group>";
		};
		84CFDAEE1F150D5D0067DFD0 /* Views */ = {
			isa = PBXGroup;
			children = (
				84CFDAEF1F150D6F0067DFD0 /* PostImageCell.swift */,
				84D07F851F1525600001159E /* PostHeaderCell.swift */,
				84D07F871F152C510001159E /* PostActionCell.swift */,
				8432D1D11F1672F7003E0794 /* FindFriendsCell.swift */,
			);
			name = Views;
			sourceTree = "<group>";
		};
		84EA85261F13C3300098DBE2 /* Helpers */ = {
			isa = PBXGroup;
			children = (
				84EA85271F13C34F0098DBE2 /* MGPhotoHelper.swift */,
			);
			name = Helpers;
			sourceTree = "<group>";
		};
		D87869532EB4ED1F05ECA460 /* Pods */ = {
			isa = PBXGroup;
			children = (
				CFA9EE103FB927B88EBBC9EF /* Pods-Makestagram.debug.xcconfig */,
				F57912FDA7ABB4F01B3A5594 /* Pods-Makestagram.release.xcconfig */,
			);
			name = Pods;
			sourceTree = "<group>";
		};
/* End PBXGroup section */

/* Begin PBXNativeTarget section */
		843058D01F0E75B900DC04C5 /* Makestagram */ = {
			isa = PBXNativeTarget;
			buildConfigurationList = 843058E31F0E75B900DC04C5 /* Build configuration list for PBXNativeTarget "Makestagram" */;
			buildPhases = (
				E5559B4CB8397F7DC741B47E /* [CP] Check Pods Manifest.lock */,
				843058CD1F0E75B900DC04C5 /* Sources */,
				843058CE1F0E75B900DC04C5 /* Frameworks */,
				843058CF1F0E75B900DC04C5 /* Resources */,
				D26606DBC5392082F1D20924 /* [CP] Embed Pods Frameworks */,
				C5A06620FE1E860D10699514 /* [CP] Copy Pods Resources */,
			);
			buildRules = (
			);
			dependencies = (
			);
			name = Makestagram;
			productName = Makestagram;
			productReference = 843058D11F0E75B900DC04C5 /* Makestagram.app */;
			productType = "com.apple.product-type.application";
		};
/* End PBXNativeTarget section */

/* Begin PBXProject section */
		843058C91F0E75B900DC04C5 /* Project object */ = {
			isa = PBXProject;
			attributes = {
				LastSwiftUpdateCheck = 0830;
				LastUpgradeCheck = 0830;
				ORGANIZATIONNAME = "Sakada Lim";
				TargetAttributes = {
					843058D01F0E75B900DC04C5 = {
						CreatedOnToolsVersion = 8.3.3;
						DevelopmentTeam = 527W2P39VD;
						ProvisioningStyle = Automatic;
					};
				};
			};
			buildConfigurationList = 843058CC1F0E75B900DC04C5 /* Build configuration list for PBXProject "Makestagram" */;
			compatibilityVersion = "Xcode 3.2";
			developmentRegion = English;
			hasScannedForEncodings = 0;
			knownRegions = (
				en,
				Base,
			);
			mainGroup = 843058C81F0E75B900DC04C5;
			productRefGroup = 843058D21F0E75B900DC04C5 /* Products */;
			projectDirPath = "";
			projectRoot = "";
			targets = (
				843058D01F0E75B900DC04C5 /* Makestagram */,
			);
		};
/* End PBXProject section */

/* Begin PBXResourcesBuildPhase section */
		843058CF1F0E75B900DC04C5 /* Resources */ = {
			isa = PBXResourcesBuildPhase;
			buildActionMask = 2147483647;
			files = (
				843058ED1F0E7A2000DC04C5 /* Main.storyboard in Resources */,
				843058F01F0E7A2800DC04C5 /* GoogleService-Info.plist in Resources */,
				843058DC1F0E75B900DC04C5 /* Assets.xcassets in Resources */,
				8432D1D01F167242003E0794 /* FindFriends.storyboard in Resources */,
				84EA85361F140AEE0098DBE2 /* Home.storyboard in Resources */,
				843058F81F0E7CB100DC04C5 /* Login.storyboard in Resources */,
				843058EC1F0E7A2000DC04C5 /* LaunchScreen.storyboard in Resources */,
			);
			runOnlyForDeploymentPostprocessing = 0;
		};
/* End PBXResourcesBuildPhase section */

/* Begin PBXShellScriptBuildPhase section */
		C5A06620FE1E860D10699514 /* [CP] Copy Pods Resources */ = {
			isa = PBXShellScriptBuildPhase;
			buildActionMask = 2147483647;
			files = (
			);
			inputPaths = (
			);
			name = "[CP] Copy Pods Resources";
			outputPaths = (
			);
			runOnlyForDeploymentPostprocessing = 0;
			shellPath = /bin/sh;
			shellScript = "\"${SRCROOT}/Pods/Target Support Files/Pods-Makestagram/Pods-Makestagram-resources.sh\"\n";
			showEnvVarsInLog = 0;
		};
		D26606DBC5392082F1D20924 /* [CP] Embed Pods Frameworks */ = {
			isa = PBXShellScriptBuildPhase;
			buildActionMask = 2147483647;
			files = (
			);
			inputPaths = (
			);
			name = "[CP] Embed Pods Frameworks";
			outputPaths = (
			);
			runOnlyForDeploymentPostprocessing = 0;
			shellPath = /bin/sh;
			shellScript = "\"${SRCROOT}/Pods/Target Support Files/Pods-Makestagram/Pods-Makestagram-frameworks.sh\"\n";
			showEnvVarsInLog = 0;
		};
		E5559B4CB8397F7DC741B47E /* [CP] Check Pods Manifest.lock */ = {
			isa = PBXShellScriptBuildPhase;
			buildActionMask = 2147483647;
			files = (
			);
			inputPaths = (
			);
			name = "[CP] Check Pods Manifest.lock";
			outputPaths = (
			);
			runOnlyForDeploymentPostprocessing = 0;
			shellPath = /bin/sh;
			shellScript = "diff \"${PODS_PODFILE_DIR_PATH}/Podfile.lock\" \"${PODS_ROOT}/Manifest.lock\" > /dev/null\nif [ $? != 0 ] ; then\n    # print error to STDERR\n    echo \"error: The sandbox is not in sync with the Podfile.lock. Run 'pod install' or update your CocoaPods installation.\" >&2\n    exit 1\nfi\n";
			showEnvVarsInLog = 0;
		};
/* End PBXShellScriptBuildPhase section */

/* Begin PBXSourcesBuildPhase section */
		843058CD1F0E75B900DC04C5 /* Sources */ = {
			isa = PBXSourcesBuildPhase;
			buildActionMask = 2147483647;
			files = (
				8432D1CE1F166D1A003E0794 /* FollowService.swift in Sources */,
				843058FD1F0EBD5600DC04C5 /* User.swift in Sources */,
				84EA852A1F13F95F0098DBE2 /* StorageService.swift in Sources */,
				843058FA1F0E7D6900DC04C5 /* LoginViewController.swift in Sources */,
				84EA85251F13BEA40098DBE2 /* MainTabBarController.swift in Sources */,
				84D07F881F152C510001159E /* PostActionCell.swift in Sources */,
				84D07F8A1F1546740001159E /* LikeService.swift in Sources */,
				8495F4D01F17C66B001C2A14 /* UserService.swift in Sources */,
				84EA852E1F13FD570098DBE2 /* Post.swift in Sources */,
				84CFDAF01F150D6F0067DFD0 /* PostImageCell.swift in Sources */,
				8432D1D21F1672F7003E0794 /* FindFriendsCell.swift in Sources */,
				84EA85301F1405E20098DBE2 /* UIImage+Size.swift in Sources */,
				844DC5731F0FDBAE0067FC24 /* Constants.swift in Sources */,
				84EA85281F13C34F0098DBE2 /* MGPhotoHelper.swift in Sources */,
				843058FF1F0ECA3700DC04C5 /* CreateUsernameViewController.swift in Sources */,
				844DC57C1F0FFDE60067FC24 /* HomeViewController.swift in Sources */,
				8495F4D11F17C67A001C2A14 /* DatabaseReference+Location.swift in Sources */,
				84EA85341F1406EA0098DBE2 /* StorageReference+Post.swift in Sources */,
				844DC57A1F0FFDD80067FC24 /* FindFriendsViewController.swift in Sources */,
				84EA852C1F13FB1E0098DBE2 /* PostService.swift in Sources */,
				843058D51F0E75B900DC04C5 /* AppDelegate.swift in Sources */,
				84D07F861F1525600001159E /* PostHeaderCell.swift in Sources */,
				844DC5761F0FDCCF0067FC24 /* Storyboards+Utility.swift in Sources */,
			);
			runOnlyForDeploymentPostprocessing = 0;
		};
/* End PBXSourcesBuildPhase section */

/* Begin XCBuildConfiguration section */
		843058E11F0E75B900DC04C5 /* Debug */ = {
			isa = XCBuildConfiguration;
			buildSettings = {
				ALWAYS_SEARCH_USER_PATHS = NO;
				CLANG_ANALYZER_NONNULL = YES;
				CLANG_ANALYZER_NUMBER_OBJECT_CONVERSION = YES_AGGRESSIVE;
				CLANG_CXX_LANGUAGE_STANDARD = "gnu++0x";
				CLANG_CXX_LIBRARY = "libc++";
				CLANG_ENABLE_MODULES = YES;
				CLANG_ENABLE_OBJC_ARC = YES;
				CLANG_WARN_BOOL_CONVERSION = YES;
				CLANG_WARN_CONSTANT_CONVERSION = YES;
				CLANG_WARN_DIRECT_OBJC_ISA_USAGE = YES_ERROR;
				CLANG_WARN_DOCUMENTATION_COMMENTS = YES;
				CLANG_WARN_EMPTY_BODY = YES;
				CLANG_WARN_ENUM_CONVERSION = YES;
				CLANG_WARN_INFINITE_RECURSION = YES;
				CLANG_WARN_INT_CONVERSION = YES;
				CLANG_WARN_OBJC_ROOT_CLASS = YES_ERROR;
				CLANG_WARN_SUSPICIOUS_MOVE = YES;
				CLANG_WARN_UNREACHABLE_CODE = YES;
				CLANG_WARN__DUPLICATE_METHOD_MATCH = YES;
				"CODE_SIGN_IDENTITY[sdk=iphoneos*]" = "iPhone Developer";
				COPY_PHASE_STRIP = NO;
				DEBUG_INFORMATION_FORMAT = dwarf;
				ENABLE_STRICT_OBJC_MSGSEND = YES;
				ENABLE_TESTABILITY = YES;
				GCC_C_LANGUAGE_STANDARD = gnu99;
				GCC_DYNAMIC_NO_PIC = NO;
				GCC_NO_COMMON_BLOCKS = YES;
				GCC_OPTIMIZATION_LEVEL = 0;
				GCC_PREPROCESSOR_DEFINITIONS = (
					"DEBUG=1",
					"$(inherited)",
				);
				GCC_WARN_64_TO_32_BIT_CONVERSION = YES;
				GCC_WARN_ABOUT_RETURN_TYPE = YES_ERROR;
				GCC_WARN_UNDECLARED_SELECTOR = YES;
				GCC_WARN_UNINITIALIZED_AUTOS = YES_AGGRESSIVE;
				GCC_WARN_UNUSED_FUNCTION = YES;
				GCC_WARN_UNUSED_VARIABLE = YES;
				IPHONEOS_DEPLOYMENT_TARGET = 10.3;
				MTL_ENABLE_DEBUG_INFO = YES;
				ONLY_ACTIVE_ARCH = YES;
				SDKROOT = iphoneos;
				SWIFT_ACTIVE_COMPILATION_CONDITIONS = DEBUG;
				SWIFT_OPTIMIZATION_LEVEL = "-Onone";
			};
			name = Debug;
		};
		843058E21F0E75B900DC04C5 /* Release */ = {
			isa = XCBuildConfiguration;
			buildSettings = {
				ALWAYS_SEARCH_USER_PATHS = NO;
				CLANG_ANALYZER_NONNULL = YES;
				CLANG_ANALYZER_NUMBER_OBJECT_CONVERSION = YES_AGGRESSIVE;
				CLANG_CXX_LANGUAGE_STANDARD = "gnu++0x";
				CLANG_CXX_LIBRARY = "libc++";
				CLANG_ENABLE_MODULES = YES;
				CLANG_ENABLE_OBJC_ARC = YES;
				CLANG_WARN_BOOL_CONVERSION = YES;
				CLANG_WARN_CONSTANT_CONVERSION = YES;
				CLANG_WARN_DIRECT_OBJC_ISA_USAGE = YES_ERROR;
				CLANG_WARN_DOCUMENTATION_COMMENTS = YES;
				CLANG_WARN_EMPTY_BODY = YES;
				CLANG_WARN_ENUM_CONVERSION = YES;
				CLANG_WARN_INFINITE_RECURSION = YES;
				CLANG_WARN_INT_CONVERSION = YES;
				CLANG_WARN_OBJC_ROOT_CLASS = YES_ERROR;
				CLANG_WARN_SUSPICIOUS_MOVE = YES;
				CLANG_WARN_UNREACHABLE_CODE = YES;
				CLANG_WARN__DUPLICATE_METHOD_MATCH = YES;
				"CODE_SIGN_IDENTITY[sdk=iphoneos*]" = "iPhone Developer";
				COPY_PHASE_STRIP = NO;
				DEBUG_INFORMATION_FORMAT = "dwarf-with-dsym";
				ENABLE_NS_ASSERTIONS = NO;
				ENABLE_STRICT_OBJC_MSGSEND = YES;
				GCC_C_LANGUAGE_STANDARD = gnu99;
				GCC_NO_COMMON_BLOCKS = YES;
				GCC_WARN_64_TO_32_BIT_CONVERSION = YES;
				GCC_WARN_ABOUT_RETURN_TYPE = YES_ERROR;
				GCC_WARN_UNDECLARED_SELECTOR = YES;
				GCC_WARN_UNINITIALIZED_AUTOS = YES_AGGRESSIVE;
				GCC_WARN_UNUSED_FUNCTION = YES;
				GCC_WARN_UNUSED_VARIABLE = YES;
				IPHONEOS_DEPLOYMENT_TARGET = 10.3;
				MTL_ENABLE_DEBUG_INFO = NO;
				SDKROOT = iphoneos;
				SWIFT_OPTIMIZATION_LEVEL = "-Owholemodule";
				VALIDATE_PRODUCT = YES;
			};
			name = Release;
		};
		843058E41F0E75B900DC04C5 /* Debug */ = {
			isa = XCBuildConfiguration;
			baseConfigurationReference = CFA9EE103FB927B88EBBC9EF /* Pods-Makestagram.debug.xcconfig */;
			buildSettings = {
				DEVELOPMENT_TEAM = 527W2P39VD;
				INFOPLIST_FILE = "$(SRCROOT)/Makestagram/Supporting/Info.plist";
				LD_RUNPATH_SEARCH_PATHS = "$(inherited) @executable_path/Frameworks";
				PRODUCT_BUNDLE_IDENTIFIER = sakada.lim.Makestagram;
				PRODUCT_NAME = "$(TARGET_NAME)";
				SWIFT_VERSION = 3.0;
			};
			name = Debug;
		};
		843058E51F0E75B900DC04C5 /* Release */ = {
			isa = XCBuildConfiguration;
			baseConfigurationReference = F57912FDA7ABB4F01B3A5594 /* Pods-Makestagram.release.xcconfig */;
			buildSettings = {
				DEVELOPMENT_TEAM = 527W2P39VD;
				INFOPLIST_FILE = "$(SRCROOT)/Makestagram/Supporting/Info.plist";
				LD_RUNPATH_SEARCH_PATHS = "$(inherited) @executable_path/Frameworks";
				PRODUCT_BUNDLE_IDENTIFIER = sakada.lim.Makestagram;
				PRODUCT_NAME = "$(TARGET_NAME)";
				SWIFT_VERSION = 3.0;
			};
			name = Release;
		};
/* End XCBuildConfiguration section */

/* Begin XCConfigurationList section */
		843058CC1F0E75B900DC04C5 /* Build configuration list for PBXProject "Makestagram" */ = {
			isa = XCConfigurationList;
			buildConfigurations = (
				843058E11F0E75B900DC04C5 /* Debug */,
				843058E21F0E75B900DC04C5 /* Release */,
			);
			defaultConfigurationIsVisible = 0;
			defaultConfigurationName = Release;
		};
		843058E31F0E75B900DC04C5 /* Build configuration list for PBXNativeTarget "Makestagram" */ = {
			isa = XCConfigurationList;
			buildConfigurations = (
				843058E41F0E75B900DC04C5 /* Debug */,
				843058E51F0E75B900DC04C5 /* Release */,
			);
			defaultConfigurationIsVisible = 0;
			defaultConfigurationName = Release;
		};
/* End XCConfigurationList section */
	};
	rootObject = 843058C91F0E75B900DC04C5 /* Project object */;
}
